
Microsoft Visual Studio Solution File, Format Version 12.00
# Visual Studio Version 16
VisualStudioVersion = 16.0.32002.261
MinimumVisualStudioVersion = 10.0.40219.1
Project("{FAE04EC0-301F-11D3-BF4B-00C04F79EFBC}") = "Mission13", "Mission13.csproj", "{376ADD32-2FC8-4541-8A95-C2F27AAE0991}"
EndProject
Global
	GlobalSection(SolutionConfigurationPlatforms) = preSolution
		Debug|Any CPU = Debug|Any CPU
		Release|Any CPU = Release|Any CPU
	EndGlobalSection
	GlobalSection(ProjectConfigurationPlatforms) = postSolution
		{376ADD32-2FC8-4541-8A95-C2F27AAE0991}.Debug|Any CPU.ActiveCfg = Debug|Any CPU
		{376ADD32-2FC8-4541-8A95-C2F27AAE0991}.Debug|Any CPU.Build.0 = Debug|Any CPU
		{376ADD32-2FC8-4541-8A95-C2F27AAE0991}.Release|Any CPU.ActiveCfg = Release|Any CPU
		{376ADD32-2FC8-4541-8A95-C2F27AAE0991}.Release|Any CPU.Build.0 = Release|Any CPU
	EndGlobalSection
	GlobalSection(SolutionProperties) = preSolution
		HideSolutionNode = FALSE
	EndGlobalSection
	GlobalSection(ExtensibilityGlobals) = postSolution
		SolutionGuid = {5A8E1D95-0EB6-4D65-8051-36B8409CEC93}
	EndGlobalSection
EndGlobal
